
Microsoft Visual Studio Solution File, Format Version 12.00
# Visual Studio Version 17
VisualStudioVersion = 17.5.33516.290
MinimumVisualStudioVersion = 10.0.40219.1
Project("{9A19103F-16F7-4668-BE54-9A1E7A4F7556}") = "Axis.Dia", "Axis.Dia\Axis.Dia.csproj", "{9B133004-16B3-4B37-B09C-05E0AF7C0C8C}"
EndProject
Project("{2150E333-8FDC-42A3-9474-1A3956D46DE8}") = ".items", ".items", "{94C7D9F0-468D-4712-AB5B-AC9166D4E4DC}"
	ProjectSection(SolutionItems) = preProject
		Backlog.md = Backlog.md
	EndProjectSection
EndProject
Project("{2150E333-8FDC-42A3-9474-1A3956D46DE8}") = "Src", "Src", "{55AE1BB6-89E5-432D-A7CC-F87ECFA85EAA}"
EndProject
Project("{2150E333-8FDC-42A3-9474-1A3956D46DE8}") = "Tests", "Tests", "{2EEBCFFF-A11A-4E22-9DF0-193A1BC07C14}"
EndProject
Project("{2150E333-8FDC-42A3-9474-1A3956D46DE8}") = ".github", ".github", "{7C578026-4F18-4685-8C3C-1D3C79F66F12}"
	ProjectSection(SolutionItems) = preProject
		.github\workflows\ci.yaml = .github\workflows\ci.yaml
		.github\workflows\pre-release.yaml = .github\workflows\pre-release.yaml
		.github\workflows\release.yaml = .github\workflows\release.yaml
	EndProjectSection
EndProject
Project("{9A19103F-16F7-4668-BE54-9A1E7A4F7556}") = "Axis.Dia.AxonSerializer.Benchmark", "Axis.Dia.Core.Benchmark\Axis.Dia.AxonSerializer.Benchmark.csproj", "{1221E5F8-1F4E-487A-98FF-4F1BAFF8E63B}"
EndProject
Project("{9A19103F-16F7-4668-BE54-9A1E7A4F7556}") = "Axis.Dia.AxonSerializer", "Axis.Dia.AxonSerializer\Axis.Dia.AxonSerializer.csproj", "{5678B6BC-A34F-45BB-AD80-BCAE4B8F1960}"
EndProject
Project("{2150E333-8FDC-42A3-9474-1A3956D46DE8}") = "Core", "Core", "{38F7A2E7-F2CD-46FC-9E64-86765E4E913E}"
EndProject
Project("{9A19103F-16F7-4668-BE54-9A1E7A4F7556}") = "Axis.Dia.TypeConverter", "Axis.Dia.TypeConverter\Axis.Dia.TypeConverter.csproj", "{C2F6FAFF-423D-460B-BA17-1D7385E38CC8}"
EndProject
Project("{9A19103F-16F7-4668-BE54-9A1E7A4F7556}") = "Axis.Dia.BionSerializer", "Axis.Dia.BionSerializer\Axis.Dia.BionSerializer.csproj", "{30710492-9037-4CD0-90EB-6D3C05B3E4A4}"
EndProject
Project("{2150E333-8FDC-42A3-9474-1A3956D46DE8}") = "Tests.Benchmarks", "Tests.Benchmarks", "{F1E0D226-9E97-4054-BF3F-0293A6A53018}"
EndProject
Project("{9A19103F-16F7-4668-BE54-9A1E7A4F7556}") = "Axis.Dia.Tests", "Axis.Dia.Tests\Axis.Dia.Tests.csproj", "{CA1460C9-67E4-4FBD-9E5D-847AB22C8C20}"
EndProject
Project("{9A19103F-16F7-4668-BE54-9A1E7A4F7556}") = "Axis.Dia.Core", "Axis.Dia.Core\Axis.Dia.Core.csproj", "{A48C8D99-9146-4755-B774-6EC44D3EAEC7}"
EndProject
Project("{9A19103F-16F7-4668-BE54-9A1E7A4F7556}") = "Axis.Dia.Core.Tests", "Axis.Dia.Core.Tests\Axis.Dia.Core.Tests.csproj", "{5A1870FC-C882-416E-9FC4-3135FB81D73E}"
EndProject
Project("{2150E333-8FDC-42A3-9474-1A3956D46DE8}") = "Core", "Core", "{EF0E92E0-92B6-49D6-8B9B-1F945D2EE7B6}"
EndProject
Project("{9A19103F-16F7-4668-BE54-9A1E7A4F7556}") = "Axis.Dia.AxonSerializer.Tests", "Axis.Dia.AxonSerializer.Tests\Axis.Dia.AxonSerializer.Tests.csproj", "{07285114-E4C7-4409-8610-520B1643CBFC}"
EndProject
Project("{9A19103F-16F7-4668-BE54-9A1E7A4F7556}") = "Axis.Dia.PathQuery", "Axis.Dia.PathQuery\Axis.Dia.PathQuery.csproj", "{23335130-F373-4DF0-89C3-057BE2DF8614}"
EndProject
Project("{9A19103F-16F7-4668-BE54-9A1E7A4F7556}") = "Axis.Dia.PathQuery.Tests", "Axis.Dia.PathQuery.Tests\Axis.Dia.PathQuery.Tests.csproj", "{424B48B0-D78C-49E2-B5FC-B114DC8B5864}"
EndProject
Project("{9A19103F-16F7-4668-BE54-9A1E7A4F7556}") = "Axis.Dia.TypeConverter.Tests", "Axis.Dia.TypeConverter.Tests\Axis.Dia.TypeConverter.Tests.csproj", "{EFBDE96D-E69D-4374-9E2C-BD1AFFB0BDF6}"
EndProject
Project("{FAE04EC0-301F-11D3-BF4B-00C04F79EFBC}") = "Axis.Dia.BionSerializer.Tests", "Axis.Dia.BionSerializer.Tests\Axis.Dia.BionSerializer.Tests.csproj", "{303722CE-59F2-461B-8424-38A009F9759D}"
EndProject
Global
	GlobalSection(SolutionConfigurationPlatforms) = preSolution
		Debug|Any CPU = Debug|Any CPU
		Release|Any CPU = Release|Any CPU
	EndGlobalSection
	GlobalSection(ProjectConfigurationPlatforms) = postSolution
		{9B133004-16B3-4B37-B09C-05E0AF7C0C8C}.Debug|Any CPU.ActiveCfg = Debug|Any CPU
		{9B133004-16B3-4B37-B09C-05E0AF7C0C8C}.Debug|Any CPU.Build.0 = Debug|Any CPU
		{9B133004-16B3-4B37-B09C-05E0AF7C0C8C}.Release|Any CPU.ActiveCfg = Release|Any CPU
		{9B133004-16B3-4B37-B09C-05E0AF7C0C8C}.Release|Any CPU.Build.0 = Release|Any CPU
		{1221E5F8-1F4E-487A-98FF-4F1BAFF8E63B}.Debug|Any CPU.ActiveCfg = Debug|Any CPU
		{1221E5F8-1F4E-487A-98FF-4F1BAFF8E63B}.Debug|Any CPU.Build.0 = Debug|Any CPU
		{1221E5F8-1F4E-487A-98FF-4F1BAFF8E63B}.Release|Any CPU.ActiveCfg = Release|Any CPU
		{1221E5F8-1F4E-487A-98FF-4F1BAFF8E63B}.Release|Any CPU.Build.0 = Release|Any CPU
		{5678B6BC-A34F-45BB-AD80-BCAE4B8F1960}.Debug|Any CPU.ActiveCfg = Debug|Any CPU
		{5678B6BC-A34F-45BB-AD80-BCAE4B8F1960}.Debug|Any CPU.Build.0 = Debug|Any CPU
		{5678B6BC-A34F-45BB-AD80-BCAE4B8F1960}.Release|Any CPU.ActiveCfg = Release|Any CPU
		{5678B6BC-A34F-45BB-AD80-BCAE4B8F1960}.Release|Any CPU.Build.0 = Release|Any CPU
		{C2F6FAFF-423D-460B-BA17-1D7385E38CC8}.Debug|Any CPU.ActiveCfg = Debug|Any CPU
		{C2F6FAFF-423D-460B-BA17-1D7385E38CC8}.Debug|Any CPU.Build.0 = Debug|Any CPU
		{C2F6FAFF-423D-460B-BA17-1D7385E38CC8}.Release|Any CPU.ActiveCfg = Release|Any CPU
		{C2F6FAFF-423D-460B-BA17-1D7385E38CC8}.Release|Any CPU.Build.0 = Release|Any CPU
		{30710492-9037-4CD0-90EB-6D3C05B3E4A4}.Debug|Any CPU.ActiveCfg = Debug|Any CPU
		{30710492-9037-4CD0-90EB-6D3C05B3E4A4}.Debug|Any CPU.Build.0 = Debug|Any CPU
		{30710492-9037-4CD0-90EB-6D3C05B3E4A4}.Release|Any CPU.ActiveCfg = Release|Any CPU
		{30710492-9037-4CD0-90EB-6D3C05B3E4A4}.Release|Any CPU.Build.0 = Release|Any CPU
		{CA1460C9-67E4-4FBD-9E5D-847AB22C8C20}.Debug|Any CPU.ActiveCfg = Debug|Any CPU
		{CA1460C9-67E4-4FBD-9E5D-847AB22C8C20}.Debug|Any CPU.Build.0 = Debug|Any CPU
		{CA1460C9-67E4-4FBD-9E5D-847AB22C8C20}.Release|Any CPU.ActiveCfg = Release|Any CPU
		{CA1460C9-67E4-4FBD-9E5D-847AB22C8C20}.Release|Any CPU.Build.0 = Release|Any CPU
		{A48C8D99-9146-4755-B774-6EC44D3EAEC7}.Debug|Any CPU.ActiveCfg = Debug|Any CPU
		{A48C8D99-9146-4755-B774-6EC44D3EAEC7}.Debug|Any CPU.Build.0 = Debug|Any CPU
		{A48C8D99-9146-4755-B774-6EC44D3EAEC7}.Release|Any CPU.ActiveCfg = Release|Any CPU
		{A48C8D99-9146-4755-B774-6EC44D3EAEC7}.Release|Any CPU.Build.0 = Release|Any CPU
		{5A1870FC-C882-416E-9FC4-3135FB81D73E}.Debug|Any CPU.ActiveCfg = Debug|Any CPU
		{5A1870FC-C882-416E-9FC4-3135FB81D73E}.Debug|Any CPU.Build.0 = Debug|Any CPU
		{5A1870FC-C882-416E-9FC4-3135FB81D73E}.Release|Any CPU.ActiveCfg = Release|Any CPU
		{5A1870FC-C882-416E-9FC4-3135FB81D73E}.Release|Any CPU.Build.0 = Release|Any CPU
		{07285114-E4C7-4409-8610-520B1643CBFC}.Debug|Any CPU.ActiveCfg = Debug|Any CPU
		{07285114-E4C7-4409-8610-520B1643CBFC}.Debug|Any CPU.Build.0 = Debug|Any CPU
		{07285114-E4C7-4409-8610-520B1643CBFC}.Release|Any CPU.ActiveCfg = Release|Any CPU
		{07285114-E4C7-4409-8610-520B1643CBFC}.Release|Any CPU.Build.0 = Release|Any CPU
		{23335130-F373-4DF0-89C3-057BE2DF8614}.Debug|Any CPU.ActiveCfg = Debug|Any CPU
		{23335130-F373-4DF0-89C3-057BE2DF8614}.Debug|Any CPU.Build.0 = Debug|Any CPU
		{23335130-F373-4DF0-89C3-057BE2DF8614}.Release|Any CPU.ActiveCfg = Release|Any CPU
		{23335130-F373-4DF0-89C3-057BE2DF8614}.Release|Any CPU.Build.0 = Release|Any CPU
		{424B48B0-D78C-49E2-B5FC-B114DC8B5864}.Debug|Any CPU.ActiveCfg = Debug|Any CPU
		{424B48B0-D78C-49E2-B5FC-B114DC8B5864}.Debug|Any CPU.Build.0 = Debug|Any CPU
		{424B48B0-D78C-49E2-B5FC-B114DC8B5864}.Release|Any CPU.ActiveCfg = Release|Any CPU
		{424B48B0-D78C-49E2-B5FC-B114DC8B5864}.Release|Any CPU.Build.0 = Release|Any CPU
		{EFBDE96D-E69D-4374-9E2C-BD1AFFB0BDF6}.Debug|Any CPU.ActiveCfg = Debug|Any CPU
		{EFBDE96D-E69D-4374-9E2C-BD1AFFB0BDF6}.Debug|Any CPU.Build.0 = Debug|Any CPU
		{EFBDE96D-E69D-4374-9E2C-BD1AFFB0BDF6}.Release|Any CPU.ActiveCfg = Release|Any CPU
		{EFBDE96D-E69D-4374-9E2C-BD1AFFB0BDF6}.Release|Any CPU.Build.0 = Release|Any CPU
		{303722CE-59F2-461B-8424-38A009F9759D}.Debug|Any CPU.ActiveCfg = Debug|Any CPU
		{303722CE-59F2-461B-8424-38A009F9759D}.Debug|Any CPU.Build.0 = Debug|Any CPU
		{303722CE-59F2-461B-8424-38A009F9759D}.Release|Any CPU.ActiveCfg = Release|Any CPU
		{303722CE-59F2-461B-8424-38A009F9759D}.Release|Any CPU.Build.0 = Release|Any CPU
	EndGlobalSection
	GlobalSection(SolutionProperties) = preSolution
		HideSolutionNode = FALSE
	EndGlobalSection
	GlobalSection(NestedProjects) = preSolution
		{9B133004-16B3-4B37-B09C-05E0AF7C0C8C} = {55AE1BB6-89E5-432D-A7CC-F87ECFA85EAA}
		{1221E5F8-1F4E-487A-98FF-4F1BAFF8E63B} = {F1E0D226-9E97-4054-BF3F-0293A6A53018}
		{5678B6BC-A34F-45BB-AD80-BCAE4B8F1960} = {38F7A2E7-F2CD-46FC-9E64-86765E4E913E}
		{38F7A2E7-F2CD-46FC-9E64-86765E4E913E} = {55AE1BB6-89E5-432D-A7CC-F87ECFA85EAA}
		{C2F6FAFF-423D-460B-BA17-1D7385E38CC8} = {38F7A2E7-F2CD-46FC-9E64-86765E4E913E}
		{30710492-9037-4CD0-90EB-6D3C05B3E4A4} = {38F7A2E7-F2CD-46FC-9E64-86765E4E913E}
		{CA1460C9-67E4-4FBD-9E5D-847AB22C8C20} = {2EEBCFFF-A11A-4E22-9DF0-193A1BC07C14}
		{A48C8D99-9146-4755-B774-6EC44D3EAEC7} = {55AE1BB6-89E5-432D-A7CC-F87ECFA85EAA}
		{5A1870FC-C882-416E-9FC4-3135FB81D73E} = {2EEBCFFF-A11A-4E22-9DF0-193A1BC07C14}
		{EF0E92E0-92B6-49D6-8B9B-1F945D2EE7B6} = {2EEBCFFF-A11A-4E22-9DF0-193A1BC07C14}
		{07285114-E4C7-4409-8610-520B1643CBFC} = {EF0E92E0-92B6-49D6-8B9B-1F945D2EE7B6}
		{23335130-F373-4DF0-89C3-057BE2DF8614} = {55AE1BB6-89E5-432D-A7CC-F87ECFA85EAA}
		{424B48B0-D78C-49E2-B5FC-B114DC8B5864} = {2EEBCFFF-A11A-4E22-9DF0-193A1BC07C14}
		{EFBDE96D-E69D-4374-9E2C-BD1AFFB0BDF6} = {EF0E92E0-92B6-49D6-8B9B-1F945D2EE7B6}
		{303722CE-59F2-461B-8424-38A009F9759D} = {EF0E92E0-92B6-49D6-8B9B-1F945D2EE7B6}
	EndGlobalSection
	GlobalSection(ExtensibilityGlobals) = postSolution
		SolutionGuid = {AA5CFEA6-4C0E-4559-9C62-32E94CB558B5}
	EndGlobalSection
EndGlobal
